
Microsoft Visual Studio Solution File, Format Version 12.00
# Visual Studio 15
VisualStudioVersion = 15.0.27703.2035
MinimumVisualStudioVersion = 10.0.40219.1
Project("{9A19103F-16F7-4668-BE54-9A1E7A4F7556}") = "PrimeWendys", "Prime-Wendys\PrimeWendys.csproj", "{D8A94273-0D7C-4EC4-9A04-6C80766E7FB4}"
EndProject
Project("{9A19103F-16F7-4668-BE54-9A1E7A4F7556}") = "PrimeWendys.Models", "Prime-Wendys.Models\PrimeWendys.Models.csproj", "{C9C30895-E15E-43DF-A770-B4B1FC38852F}"
EndProject
Project("{FAE04EC0-301F-11D3-BF4B-00C04F79EFBC}") = "PrimeWendys.Business", "PrimeWendys.Business\PrimeWendys.Business.csproj", "{7085B495-4181-4453-812E-85CDBC924460}"
EndProject
Global
	GlobalSection(SolutionConfigurationPlatforms) = preSolution
		Debug|Any CPU = Debug|Any CPU
		Release|Any CPU = Release|Any CPU
	EndGlobalSection
	GlobalSection(ProjectConfigurationPlatforms) = postSolution
		{D8A94273-0D7C-4EC4-9A04-6C80766E7FB4}.Debug|Any CPU.ActiveCfg = Debug|Any CPU
		{D8A94273-0D7C-4EC4-9A04-6C80766E7FB4}.Debug|Any CPU.Build.0 = Debug|Any CPU
		{D8A94273-0D7C-4EC4-9A04-6C80766E7FB4}.Release|Any CPU.ActiveCfg = Release|Any CPU
		{D8A94273-0D7C-4EC4-9A04-6C80766E7FB4}.Release|Any CPU.Build.0 = Release|Any CPU
		{C9C30895-E15E-43DF-A770-B4B1FC38852F}.Debug|Any CPU.ActiveCfg = Debug|Any CPU
		{C9C30895-E15E-43DF-A770-B4B1FC38852F}.Debug|Any CPU.Build.0 = Debug|Any CPU
		{C9C30895-E15E-43DF-A770-B4B1FC38852F}.Release|Any CPU.ActiveCfg = Release|Any CPU
		{C9C30895-E15E-43DF-A770-B4B1FC38852F}.Release|Any CPU.Build.0 = Release|Any CPU
		{7085B495-4181-4453-812E-85CDBC924460}.Debug|Any CPU.ActiveCfg = Debug|Any CPU
		{7085B495-4181-4453-812E-85CDBC924460}.Debug|Any CPU.Build.0 = Debug|Any CPU
		{7085B495-4181-4453-812E-85CDBC924460}.Release|Any CPU.ActiveCfg = Release|Any CPU
		{7085B495-4181-4453-812E-85CDBC924460}.Release|Any CPU.Build.0 = Release|Any CPU
	EndGlobalSection
	GlobalSection(SolutionProperties) = preSolution
		HideSolutionNode = FALSE
	EndGlobalSection
	GlobalSection(ExtensibilityGlobals) = postSolution
		SolutionGuid = {8688A196-D3EF-4AFA-8493-891CFA92704A}
	EndGlobalSection
EndGlobal
